# This file was autogenerated by Stack.
# You should not edit this file by hand.
# For more information, please see the documentation at:
#   https://docs.haskellstack.org/en/stable/lock_files

packages:
- completed:
    hackage: Hclip-3.0.0.4@sha256:df341c936594465df25c3b9f93f6ebe3110a36d64a51dbbd1dbd557394bbdba4,1648
    pantry-tree:
      size: 205
      sha256: bc09b0acdf0ffce64e16a53ffc18d76dc05d4282433cae723402d1b8ecc01301
  original:
    hackage: Hclip-3.0.0.4
snapshots:
- completed:
    size: 496111
    url: https://raw.githubusercontent.com/commercialhaskell/stackage-snapshots/master/lts/15/14.yaml
    sha256: c442d702d66b8c129b3473a32c609050aabf1dc2f8e8502402c143271a8fb141
  original: lts-15.14
